
Microsoft Visual Studio Solution File, Format Version 12.00
# Visual Studio 15
VisualStudioVersion = 15.0.28307.902
MinimumVisualStudioVersion = 10.0.40219.1
Project("{FAE04EC0-301F-11D3-BF4B-00C04F79EFBC}") = "Esercizio1", "Esercizio1\Esercizio1.csproj", "{FB390BAA-F57B-4D45-B516-A61D9ED368AF}"
EndProject
Project("{FAE04EC0-301F-11D3-BF4B-00C04F79EFBC}") = "Esercizio1Test", "Esercizio1Test\Esercizio1Test.csproj", "{EB509B86-2472-4FCE-869B-BF0D6117410B}"
EndProject
Project("{FAE04EC0-301F-11D3-BF4B-00C04F79EFBC}") = "Esercizio1Interfaccia", "Esercizio1Interfaccia\Esercizio1Interfaccia.csproj", "{A27624FE-6DB0-42DE-8A10-D94AA5CCA032}"
EndProject
Global
	GlobalSection(SolutionConfigurationPlatforms) = preSolution
		Debug|Any CPU = Debug|Any CPU
		Release|Any CPU = Release|Any CPU
	EndGlobalSection
	GlobalSection(ProjectConfigurationPlatforms) = postSolution
		{FB390BAA-F57B-4D45-B516-A61D9ED368AF}.Debug|Any CPU.ActiveCfg = Debug|Any CPU
		{FB390BAA-F57B-4D45-B516-A61D9ED368AF}.Debug|Any CPU.Build.0 = Debug|Any CPU
		{FB390BAA-F57B-4D45-B516-A61D9ED368AF}.Release|Any CPU.ActiveCfg = Release|Any CPU
		{FB390BAA-F57B-4D45-B516-A61D9ED368AF}.Release|Any CPU.Build.0 = Release|Any CPU
		{EB509B86-2472-4FCE-869B-BF0D6117410B}.Debug|Any CPU.ActiveCfg = Debug|Any CPU
		{EB509B86-2472-4FCE-869B-BF0D6117410B}.Debug|Any CPU.Build.0 = Debug|Any CPU
		{EB509B86-2472-4FCE-869B-BF0D6117410B}.Release|Any CPU.ActiveCfg = Release|Any CPU
		{EB509B86-2472-4FCE-869B-BF0D6117410B}.Release|Any CPU.Build.0 = Release|Any CPU
		{A27624FE-6DB0-42DE-8A10-D94AA5CCA032}.Debug|Any CPU.ActiveCfg = Debug|Any CPU
		{A27624FE-6DB0-42DE-8A10-D94AA5CCA032}.Debug|Any CPU.Build.0 = Debug|Any CPU
		{A27624FE-6DB0-42DE-8A10-D94AA5CCA032}.Release|Any CPU.ActiveCfg = Release|Any CPU
		{A27624FE-6DB0-42DE-8A10-D94AA5CCA032}.Release|Any CPU.Build.0 = Release|Any CPU
	EndGlobalSection
	GlobalSection(SolutionProperties) = preSolution
		HideSolutionNode = FALSE
	EndGlobalSection
	GlobalSection(ExtensibilityGlobals) = postSolution
		SolutionGuid = {96FA8DC0-7474-4B15-8609-0F727D8BFDC5}
	EndGlobalSection
EndGlobal
